
Microsoft Visual Studio Solution File, Format Version 12.00
# Visual Studio Version 17
VisualStudioVersion = 17.7.34024.191
MinimumVisualStudioVersion = 10.0.40219.1
Project("{FAE04EC0-301F-11D3-BF4B-00C04F79EFBC}") = "HolaMundoWebForms", "HolaMundoWebForms\HolaMundoWebForms.csproj", "{C590024F-3425-4E4F-99A6-3161F3BF4099}"
EndProject
Global
	GlobalSection(SolutionConfigurationPlatforms) = preSolution
		Debug|Any CPU = Debug|Any CPU
		Release|Any CPU = Release|Any CPU
	EndGlobalSection
	GlobalSection(ProjectConfigurationPlatforms) = postSolution
		{C590024F-3425-4E4F-99A6-3161F3BF4099}.Debug|Any CPU.ActiveCfg = Debug|Any CPU
		{C590024F-3425-4E4F-99A6-3161F3BF4099}.Debug|Any CPU.Build.0 = Debug|Any CPU
		{C590024F-3425-4E4F-99A6-3161F3BF4099}.Release|Any CPU.ActiveCfg = Release|Any CPU
		{C590024F-3425-4E4F-99A6-3161F3BF4099}.Release|Any CPU.Build.0 = Release|Any CPU
	EndGlobalSection
	GlobalSection(SolutionProperties) = preSolution
		HideSolutionNode = FALSE
	EndGlobalSection
	GlobalSection(ExtensibilityGlobals) = postSolution
		SolutionGuid = {426212AB-F515-4D1D-9E0E-6713696E9715}
	EndGlobalSection
EndGlobal
