
Microsoft Visual Studio Solution File, Format Version 12.00
# Visual Studio Version 17
VisualStudioVersion = 17.7.34024.191
MinimumVisualStudioVersion = 10.0.40219.1
Project("{FAE04EC0-301F-11D3-BF4B-00C04F79EFBC}") = "OperacionesAritméticas", "OperacionesAritméticas\OperacionesAritméticas.csproj", "{7DF54D8D-A465-4139-92E2-5A1F872CACCA}"
EndProject
Global
	GlobalSection(SolutionConfigurationPlatforms) = preSolution
		Debug|Any CPU = Debug|Any CPU
		Release|Any CPU = Release|Any CPU
	EndGlobalSection
	GlobalSection(ProjectConfigurationPlatforms) = postSolution
		{7DF54D8D-A465-4139-92E2-5A1F872CACCA}.Debug|Any CPU.ActiveCfg = Debug|Any CPU
		{7DF54D8D-A465-4139-92E2-5A1F872CACCA}.Debug|Any CPU.Build.0 = Debug|Any CPU
		{7DF54D8D-A465-4139-92E2-5A1F872CACCA}.Release|Any CPU.ActiveCfg = Release|Any CPU
		{7DF54D8D-A465-4139-92E2-5A1F872CACCA}.Release|Any CPU.Build.0 = Release|Any CPU
	EndGlobalSection
	GlobalSection(SolutionProperties) = preSolution
		HideSolutionNode = FALSE
	EndGlobalSection
	GlobalSection(ExtensibilityGlobals) = postSolution
		SolutionGuid = {DE6813DE-36E2-4F39-A7CD-D08E6926487F}
	EndGlobalSection
EndGlobal
