
Microsoft Visual Studio Solution File, Format Version 12.00
# Visual Studio Version 17
VisualStudioVersion = 17.7.34024.191
MinimumVisualStudioVersion = 10.0.40219.1
Project("{FAE04EC0-301F-11D3-BF4B-00C04F79EFBC}") = "HolaMundo", "HolaMundo\HolaMundo.csproj", "{60E4FA74-55F5-4270-A395-CFDD2FF1D4C2}"
EndProject
Global
	GlobalSection(SolutionConfigurationPlatforms) = preSolution
		Debug|Any CPU = Debug|Any CPU
		Release|Any CPU = Release|Any CPU
	EndGlobalSection
	GlobalSection(ProjectConfigurationPlatforms) = postSolution
		{60E4FA74-55F5-4270-A395-CFDD2FF1D4C2}.Debug|Any CPU.ActiveCfg = Debug|Any CPU
		{60E4FA74-55F5-4270-A395-CFDD2FF1D4C2}.Debug|Any CPU.Build.0 = Debug|Any CPU
		{60E4FA74-55F5-4270-A395-CFDD2FF1D4C2}.Release|Any CPU.ActiveCfg = Release|Any CPU
		{60E4FA74-55F5-4270-A395-CFDD2FF1D4C2}.Release|Any CPU.Build.0 = Release|Any CPU
	EndGlobalSection
	GlobalSection(SolutionProperties) = preSolution
		HideSolutionNode = FALSE
	EndGlobalSection
	GlobalSection(ExtensibilityGlobals) = postSolution
		SolutionGuid = {5B9FBBE3-D7F3-47AA-9368-94BC7EA167F8}
	EndGlobalSection
EndGlobal
