
Microsoft Visual Studio Solution File, Format Version 12.00
# Visual Studio Version 17
VisualStudioVersion = 17.7.34024.191
MinimumVisualStudioVersion = 10.0.40219.1
Project("{FAE04EC0-301F-11D3-BF4B-00C04F79EFBC}") = "MVC_Razor_ADO", "MVC_Razor_ADO\MVC_Razor_ADO.csproj", "{33E00A1E-7624-4BF2-B9AB-6BFEE5BB5F78}"
EndProject
Global
	GlobalSection(SolutionConfigurationPlatforms) = preSolution
		Debug|Any CPU = Debug|Any CPU
		Release|Any CPU = Release|Any CPU
	EndGlobalSection
	GlobalSection(ProjectConfigurationPlatforms) = postSolution
		{33E00A1E-7624-4BF2-B9AB-6BFEE5BB5F78}.Debug|Any CPU.ActiveCfg = Debug|Any CPU
		{33E00A1E-7624-4BF2-B9AB-6BFEE5BB5F78}.Debug|Any CPU.Build.0 = Debug|Any CPU
		{33E00A1E-7624-4BF2-B9AB-6BFEE5BB5F78}.Release|Any CPU.ActiveCfg = Release|Any CPU
		{33E00A1E-7624-4BF2-B9AB-6BFEE5BB5F78}.Release|Any CPU.Build.0 = Release|Any CPU
	EndGlobalSection
	GlobalSection(SolutionProperties) = preSolution
		HideSolutionNode = FALSE
	EndGlobalSection
	GlobalSection(ExtensibilityGlobals) = postSolution
		SolutionGuid = {BD850075-8EAA-4E9C-89D3-3EA9DC7C958A}
	EndGlobalSection
EndGlobal
