
Microsoft Visual Studio Solution File, Format Version 12.00
# Visual Studio Version 17
VisualStudioVersion = 17.7.34024.191
MinimumVisualStudioVersion = 10.0.40219.1
Project("{FAE04EC0-301F-11D3-BF4B-00C04F79EFBC}") = "CRUDEstatus", "CRUDEstatus\CRUDEstatus.csproj", "{C5E70EA3-E19D-43B7-9372-FF5A81048BB6}"
EndProject
Global
	GlobalSection(SolutionConfigurationPlatforms) = preSolution
		Debug|Any CPU = Debug|Any CPU
		Release|Any CPU = Release|Any CPU
	EndGlobalSection
	GlobalSection(ProjectConfigurationPlatforms) = postSolution
		{C5E70EA3-E19D-43B7-9372-FF5A81048BB6}.Debug|Any CPU.ActiveCfg = Debug|Any CPU
		{C5E70EA3-E19D-43B7-9372-FF5A81048BB6}.Debug|Any CPU.Build.0 = Debug|Any CPU
		{C5E70EA3-E19D-43B7-9372-FF5A81048BB6}.Release|Any CPU.ActiveCfg = Release|Any CPU
		{C5E70EA3-E19D-43B7-9372-FF5A81048BB6}.Release|Any CPU.Build.0 = Release|Any CPU
	EndGlobalSection
	GlobalSection(SolutionProperties) = preSolution
		HideSolutionNode = FALSE
	EndGlobalSection
	GlobalSection(ExtensibilityGlobals) = postSolution
		SolutionGuid = {425E016B-9043-4E85-9D22-8F081023616C}
	EndGlobalSection
EndGlobal
