
Microsoft Visual Studio Solution File, Format Version 12.00
# Visual Studio Version 17
VisualStudioVersion = 17.7.34221.43
MinimumVisualStudioVersion = 10.0.40219.1
Project("{FAE04EC0-301F-11D3-BF4B-00C04F79EFBC}") = "WebServiceHolaMundoWCF", "WebServiceHolaMundoWCF\WebServiceHolaMundoWCF.csproj", "{1D2041BC-D210-4139-9201-D92285A808F6}"
EndProject
Global
	GlobalSection(SolutionConfigurationPlatforms) = preSolution
		Debug|Any CPU = Debug|Any CPU
		Release|Any CPU = Release|Any CPU
	EndGlobalSection
	GlobalSection(ProjectConfigurationPlatforms) = postSolution
		{1D2041BC-D210-4139-9201-D92285A808F6}.Debug|Any CPU.ActiveCfg = Debug|Any CPU
		{1D2041BC-D210-4139-9201-D92285A808F6}.Debug|Any CPU.Build.0 = Debug|Any CPU
		{1D2041BC-D210-4139-9201-D92285A808F6}.Release|Any CPU.ActiveCfg = Release|Any CPU
		{1D2041BC-D210-4139-9201-D92285A808F6}.Release|Any CPU.Build.0 = Release|Any CPU
	EndGlobalSection
	GlobalSection(SolutionProperties) = preSolution
		HideSolutionNode = FALSE
	EndGlobalSection
	GlobalSection(ExtensibilityGlobals) = postSolution
		SolutionGuid = {2F029B48-0A9F-4E75-8B3F-7A8478836E72}
	EndGlobalSection
EndGlobal
